
Microsoft Visual Studio Solution File, Format Version 12.00
# Visual Studio Version 17
VisualStudioVersion = 17.2.32630.192
MinimumVisualStudioVersion = 10.0.40219.1
Project("{9A19103F-16F7-4668-BE54-9A1E7A4F7556}") = "YTConverterBot", "YTConverterBot\YTConverterBot.csproj", "{7259222C-4F18-4F52-8F90-3116AAF7E215}"
EndProject
Project("{9A19103F-16F7-4668-BE54-9A1E7A4F7556}") = "Bot.BusinessLogic", "Bot.BusinessLogic\Bot.BusinessLogic.csproj", "{273A500C-E0BF-4A2F-A4DA-9A897A7DECB4}"
EndProject
Project("{9A19103F-16F7-4668-BE54-9A1E7A4F7556}") = "Bot.Model", "Bot.Model\Bot.Model.csproj", "{16527929-1715-4CE6-98FD-1824CF11943D}"
EndProject
Project("{9A19103F-16F7-4668-BE54-9A1E7A4F7556}") = "Bot.Common", "Bot.Common\Bot.Common.csproj", "{F8081FC0-F844-4447-B1CA-B069202BDBF1}"
EndProject
Project("{2150E333-8FDC-42A3-9474-1A3956D46DE8}") = "1. API", "1. API", "{3D72DC65-062B-4D76-8906-09B25D029172}"
EndProject
Project("{2150E333-8FDC-42A3-9474-1A3956D46DE8}") = "2. Business logic", "2. Business logic", "{94045DAF-E5CB-479F-BB3A-EAE768BD5BAE}"
EndProject
Project("{2150E333-8FDC-42A3-9474-1A3956D46DE8}") = "3. Model", "3. Model", "{8D14E7AC-A83F-41D4-8149-B12E80A7E6E7}"
EndProject
Project("{2150E333-8FDC-42A3-9474-1A3956D46DE8}") = "5. Common", "5. Common", "{AA8A889D-8A38-4565-B243-87718CB37EE9}"
EndProject
Global
	GlobalSection(SolutionConfigurationPlatforms) = preSolution
		Debug|Any CPU = Debug|Any CPU
		Release|Any CPU = Release|Any CPU
	EndGlobalSection
	GlobalSection(ProjectConfigurationPlatforms) = postSolution
		{7259222C-4F18-4F52-8F90-3116AAF7E215}.Debug|Any CPU.ActiveCfg = Debug|Any CPU
		{7259222C-4F18-4F52-8F90-3116AAF7E215}.Debug|Any CPU.Build.0 = Debug|Any CPU
		{7259222C-4F18-4F52-8F90-3116AAF7E215}.Release|Any CPU.ActiveCfg = Release|Any CPU
		{7259222C-4F18-4F52-8F90-3116AAF7E215}.Release|Any CPU.Build.0 = Release|Any CPU
		{273A500C-E0BF-4A2F-A4DA-9A897A7DECB4}.Debug|Any CPU.ActiveCfg = Debug|Any CPU
		{273A500C-E0BF-4A2F-A4DA-9A897A7DECB4}.Debug|Any CPU.Build.0 = Debug|Any CPU
		{273A500C-E0BF-4A2F-A4DA-9A897A7DECB4}.Release|Any CPU.ActiveCfg = Release|Any CPU
		{273A500C-E0BF-4A2F-A4DA-9A897A7DECB4}.Release|Any CPU.Build.0 = Release|Any CPU
		{16527929-1715-4CE6-98FD-1824CF11943D}.Debug|Any CPU.ActiveCfg = Debug|Any CPU
		{16527929-1715-4CE6-98FD-1824CF11943D}.Debug|Any CPU.Build.0 = Debug|Any CPU
		{16527929-1715-4CE6-98FD-1824CF11943D}.Release|Any CPU.ActiveCfg = Release|Any CPU
		{16527929-1715-4CE6-98FD-1824CF11943D}.Release|Any CPU.Build.0 = Release|Any CPU
		{F8081FC0-F844-4447-B1CA-B069202BDBF1}.Debug|Any CPU.ActiveCfg = Debug|Any CPU
		{F8081FC0-F844-4447-B1CA-B069202BDBF1}.Debug|Any CPU.Build.0 = Debug|Any CPU
		{F8081FC0-F844-4447-B1CA-B069202BDBF1}.Release|Any CPU.ActiveCfg = Release|Any CPU
		{F8081FC0-F844-4447-B1CA-B069202BDBF1}.Release|Any CPU.Build.0 = Release|Any CPU
	EndGlobalSection
	GlobalSection(SolutionProperties) = preSolution
		HideSolutionNode = FALSE
	EndGlobalSection
	GlobalSection(NestedProjects) = preSolution
		{7259222C-4F18-4F52-8F90-3116AAF7E215} = {3D72DC65-062B-4D76-8906-09B25D029172}
		{273A500C-E0BF-4A2F-A4DA-9A897A7DECB4} = {94045DAF-E5CB-479F-BB3A-EAE768BD5BAE}
		{16527929-1715-4CE6-98FD-1824CF11943D} = {8D14E7AC-A83F-41D4-8149-B12E80A7E6E7}
		{F8081FC0-F844-4447-B1CA-B069202BDBF1} = {AA8A889D-8A38-4565-B243-87718CB37EE9}
	EndGlobalSection
	GlobalSection(ExtensibilityGlobals) = postSolution
		SolutionGuid = {E2EA86AA-160E-4A53-86E7-83B8FF12AD7C}
	EndGlobalSection
EndGlobal
